
Microsoft Visual Studio Solution File, Format Version 12.00
# Visual Studio Version 17
VisualStudioVersion = 17.4.33122.133
MinimumVisualStudioVersion = 10.0.40219.1
Project("{FAE04EC0-301F-11D3-BF4B-00C04F79EFBC}") = "OOPFInalsBankApp", "OOPFInalsBankApp\OOPFInalsBankApp.csproj", "{4F2306B7-81C9-476A-9D69-1A3902E34190}"
EndProject
Global
	GlobalSection(SolutionConfigurationPlatforms) = preSolution
		Debug|Any CPU = Debug|Any CPU
		Release|Any CPU = Release|Any CPU
	EndGlobalSection
	GlobalSection(ProjectConfigurationPlatforms) = postSolution
		{4F2306B7-81C9-476A-9D69-1A3902E34190}.Debug|Any CPU.ActiveCfg = Debug|Any CPU
		{4F2306B7-81C9-476A-9D69-1A3902E34190}.Debug|Any CPU.Build.0 = Debug|Any CPU
		{4F2306B7-81C9-476A-9D69-1A3902E34190}.Release|Any CPU.ActiveCfg = Release|Any CPU
		{4F2306B7-81C9-476A-9D69-1A3902E34190}.Release|Any CPU.Build.0 = Release|Any CPU
	EndGlobalSection
	GlobalSection(SolutionProperties) = preSolution
		HideSolutionNode = FALSE
	EndGlobalSection
	GlobalSection(ExtensibilityGlobals) = postSolution
		SolutionGuid = {545B7E9C-EE6C-4CD5-A59F-5F6FC9BDFDD7}
	EndGlobalSection
EndGlobal
